
Microsoft Visual Studio Solution File, Format Version 12.00
# Visual Studio Version 16
VisualStudioVersion = 16.0.31729.503
MinimumVisualStudioVersion = 10.0.40219.1
Project("{FAE04EC0-301F-11D3-BF4B-00C04F79EFBC}") = "82_Lezione_15_06_Materials", "82_Lezione_15_06_Materials\82_Lezione_15_06_Materials.csproj", "{7D03BE00-153F-4ADC-B635-EE19ABB23EE9}"
EndProject
Global
	GlobalSection(SolutionConfigurationPlatforms) = preSolution
		Debug|Any CPU = Debug|Any CPU
		Release|Any CPU = Release|Any CPU
	EndGlobalSection
	GlobalSection(ProjectConfigurationPlatforms) = postSolution
		{7D03BE00-153F-4ADC-B635-EE19ABB23EE9}.Debug|Any CPU.ActiveCfg = Debug|Any CPU
		{7D03BE00-153F-4ADC-B635-EE19ABB23EE9}.Debug|Any CPU.Build.0 = Debug|Any CPU
		{7D03BE00-153F-4ADC-B635-EE19ABB23EE9}.Release|Any CPU.ActiveCfg = Release|Any CPU
		{7D03BE00-153F-4ADC-B635-EE19ABB23EE9}.Release|Any CPU.Build.0 = Release|Any CPU
	EndGlobalSection
	GlobalSection(SolutionProperties) = preSolution
		HideSolutionNode = FALSE
	EndGlobalSection
	GlobalSection(ExtensibilityGlobals) = postSolution
		SolutionGuid = {1FEA23CA-0FEB-4124-A9DD-BD1E9C15BD1F}
	EndGlobalSection
EndGlobal
